
Microsoft Visual Studio Solution File, Format Version 12.00
# Visual Studio Version 17
VisualStudioVersion = 17.3.32922.545
MinimumVisualStudioVersion = 10.0.40219.1
Project("{FAE04EC0-301F-11D3-BF4B-00C04F79EFBC}") = "PeopleWithReact.web", "PeopleWithReact.web\PeopleWithReact.web.csproj", "{653F3DB4-E2D0-4CCE-B649-71905B40F804}"
EndProject
Global
	GlobalSection(SolutionConfigurationPlatforms) = preSolution
		Debug|Any CPU = Debug|Any CPU
		Release|Any CPU = Release|Any CPU
	EndGlobalSection
	GlobalSection(ProjectConfigurationPlatforms) = postSolution
		{653F3DB4-E2D0-4CCE-B649-71905B40F804}.Debug|Any CPU.ActiveCfg = Debug|Any CPU
		{653F3DB4-E2D0-4CCE-B649-71905B40F804}.Debug|Any CPU.Build.0 = Debug|Any CPU
		{653F3DB4-E2D0-4CCE-B649-71905B40F804}.Release|Any CPU.ActiveCfg = Release|Any CPU
		{653F3DB4-E2D0-4CCE-B649-71905B40F804}.Release|Any CPU.Build.0 = Release|Any CPU
	EndGlobalSection
	GlobalSection(SolutionProperties) = preSolution
		HideSolutionNode = FALSE
	EndGlobalSection
	GlobalSection(ExtensibilityGlobals) = postSolution
		SolutionGuid = {D5C03C8F-614D-47F7-A869-A1CA8A63740E}
	EndGlobalSection
EndGlobal
